
Microsoft Visual Studio Solution File, Format Version 12.00
# Visual Studio Version 17
VisualStudioVersion = 17.0.31903.59
MinimumVisualStudioVersion = 10.0.40219.1
Project("{9A19103F-16F7-4668-BE54-9A1E7A4F7556}") = "1.1.Demo.Dummy", "src\1.Dummy\Demo.Dummy\1.1.Demo.Dummy.csproj", "{F6168370-89A8-4A7A-9903-E34318A4A925}"
EndProject
Project("{9A19103F-16F7-4668-BE54-9A1E7A4F7556}") = "1.2.Demo.Dummy.Tests", "src\1.Dummy\Demo.Dummy.Tests\1.2.Demo.Dummy.Tests.csproj", "{7BB33359-8164-4C76-BFFA-949128D474BD}"
EndProject
Project("{2150E333-8FDC-42A3-9474-1A3956D46DE8}") = "1.Dummy", "1.Dummy", "{0C57CD96-B8E6-4552-A83A-13A5FC5C5E4F}"
EndProject
Project("{2150E333-8FDC-42A3-9474-1A3956D46DE8}") = "2.Stub", "2.Stub", "{0461D40F-A1EB-4959-9DF4-B33E7ABA6F46}"
EndProject
Project("{9A19103F-16F7-4668-BE54-9A1E7A4F7556}") = "2.1.Demo.Stub", "src\2.Stub\Demo.Stub\2.1.Demo.Stub.csproj", "{3CF7F42B-7034-445B-8D18-B908E7D0326E}"
EndProject
Project("{9A19103F-16F7-4668-BE54-9A1E7A4F7556}") = "2.2.Demo.Stub.Tests", "src\2.Stub\Demo.Stub.Tests\2.2.Demo.Stub.Tests.csproj", "{3F128D3D-ACF0-4110-8817-8148EFF7FE7F}"
EndProject
Project("{2150E333-8FDC-42A3-9474-1A3956D46DE8}") = "3.Spy", "3.Spy", "{216CD5A7-F6B7-4043-B108-4D3452B00EF2}"
EndProject
Project("{9A19103F-16F7-4668-BE54-9A1E7A4F7556}") = "3.1.Demo.Spy", "src\3.Spy\Demo.Spy\3.1.Demo.Spy.csproj", "{83395DAC-CAA0-49DF-A629-B2ADEB08DECA}"
EndProject
Project("{9A19103F-16F7-4668-BE54-9A1E7A4F7556}") = "3.2.Demo.Spy.Tests", "src\3.Spy\Demo.Spy.Tests\3.2.Demo.Spy.Tests.csproj", "{46BAE0F3-00DA-4790-AAF7-815BE4F330B0}"
EndProject
Project("{2150E333-8FDC-42A3-9474-1A3956D46DE8}") = "4.Mock", "4.Mock", "{D9A534D6-EDA9-4AA5-B11F-1E815A1C1C28}"
EndProject
Project("{9A19103F-16F7-4668-BE54-9A1E7A4F7556}") = "4.1.Demo.Mock", "src\4.Mock\Demo.Mock\4.1.Demo.Mock.csproj", "{6CFD1EE4-20CD-4F6C-8319-C5B0B36302C1}"
EndProject
Project("{9A19103F-16F7-4668-BE54-9A1E7A4F7556}") = "4.2.Demo.Mock.Tests", "src\4.Mock\Demo.Mock.Tests\4.2.Demo.Mock.Tests.csproj", "{FABB1B77-1CE3-4FA2-8D28-7804D80D0F4A}"
EndProject
Project("{2150E333-8FDC-42A3-9474-1A3956D46DE8}") = "5.Fake", "5.Fake", "{6B502F69-BC76-48FD-BDD3-6303B06B25C3}"
EndProject
Project("{9A19103F-16F7-4668-BE54-9A1E7A4F7556}") = "5.1.Demo.Fake", "src\5.Fake\Demo.Fake\5.1.Demo.Fake.csproj", "{943D32E3-C52A-4902-A001-B22686971425}"
EndProject
Project("{9A19103F-16F7-4668-BE54-9A1E7A4F7556}") = "5.2.Demo.Fake.Tests", "src\5.Fake\Demo.Fake.Tests\5.2.Demo.Fake.Tests.csproj", "{4FB9963B-8FF6-4FA6-BDAD-38ABBD9399FB}"
EndProject
Global
	GlobalSection(SolutionConfigurationPlatforms) = preSolution
		Debug|Any CPU = Debug|Any CPU
		Release|Any CPU = Release|Any CPU
	EndGlobalSection
	GlobalSection(ProjectConfigurationPlatforms) = postSolution
		{F6168370-89A8-4A7A-9903-E34318A4A925}.Debug|Any CPU.ActiveCfg = Debug|Any CPU
		{F6168370-89A8-4A7A-9903-E34318A4A925}.Debug|Any CPU.Build.0 = Debug|Any CPU
		{F6168370-89A8-4A7A-9903-E34318A4A925}.Release|Any CPU.ActiveCfg = Release|Any CPU
		{F6168370-89A8-4A7A-9903-E34318A4A925}.Release|Any CPU.Build.0 = Release|Any CPU
		{7BB33359-8164-4C76-BFFA-949128D474BD}.Debug|Any CPU.ActiveCfg = Debug|Any CPU
		{7BB33359-8164-4C76-BFFA-949128D474BD}.Debug|Any CPU.Build.0 = Debug|Any CPU
		{7BB33359-8164-4C76-BFFA-949128D474BD}.Release|Any CPU.ActiveCfg = Release|Any CPU
		{7BB33359-8164-4C76-BFFA-949128D474BD}.Release|Any CPU.Build.0 = Release|Any CPU
		{3CF7F42B-7034-445B-8D18-B908E7D0326E}.Debug|Any CPU.ActiveCfg = Debug|Any CPU
		{3CF7F42B-7034-445B-8D18-B908E7D0326E}.Debug|Any CPU.Build.0 = Debug|Any CPU
		{3CF7F42B-7034-445B-8D18-B908E7D0326E}.Release|Any CPU.ActiveCfg = Release|Any CPU
		{3CF7F42B-7034-445B-8D18-B908E7D0326E}.Release|Any CPU.Build.0 = Release|Any CPU
		{3F128D3D-ACF0-4110-8817-8148EFF7FE7F}.Debug|Any CPU.ActiveCfg = Debug|Any CPU
		{3F128D3D-ACF0-4110-8817-8148EFF7FE7F}.Debug|Any CPU.Build.0 = Debug|Any CPU
		{3F128D3D-ACF0-4110-8817-8148EFF7FE7F}.Release|Any CPU.ActiveCfg = Release|Any CPU
		{3F128D3D-ACF0-4110-8817-8148EFF7FE7F}.Release|Any CPU.Build.0 = Release|Any CPU
		{83395DAC-CAA0-49DF-A629-B2ADEB08DECA}.Debug|Any CPU.ActiveCfg = Debug|Any CPU
		{83395DAC-CAA0-49DF-A629-B2ADEB08DECA}.Debug|Any CPU.Build.0 = Debug|Any CPU
		{83395DAC-CAA0-49DF-A629-B2ADEB08DECA}.Release|Any CPU.ActiveCfg = Release|Any CPU
		{83395DAC-CAA0-49DF-A629-B2ADEB08DECA}.Release|Any CPU.Build.0 = Release|Any CPU
		{46BAE0F3-00DA-4790-AAF7-815BE4F330B0}.Debug|Any CPU.ActiveCfg = Debug|Any CPU
		{46BAE0F3-00DA-4790-AAF7-815BE4F330B0}.Debug|Any CPU.Build.0 = Debug|Any CPU
		{46BAE0F3-00DA-4790-AAF7-815BE4F330B0}.Release|Any CPU.ActiveCfg = Release|Any CPU
		{46BAE0F3-00DA-4790-AAF7-815BE4F330B0}.Release|Any CPU.Build.0 = Release|Any CPU
		{6CFD1EE4-20CD-4F6C-8319-C5B0B36302C1}.Debug|Any CPU.ActiveCfg = Debug|Any CPU
		{6CFD1EE4-20CD-4F6C-8319-C5B0B36302C1}.Debug|Any CPU.Build.0 = Debug|Any CPU
		{6CFD1EE4-20CD-4F6C-8319-C5B0B36302C1}.Release|Any CPU.ActiveCfg = Release|Any CPU
		{6CFD1EE4-20CD-4F6C-8319-C5B0B36302C1}.Release|Any CPU.Build.0 = Release|Any CPU
		{FABB1B77-1CE3-4FA2-8D28-7804D80D0F4A}.Debug|Any CPU.ActiveCfg = Debug|Any CPU
		{FABB1B77-1CE3-4FA2-8D28-7804D80D0F4A}.Debug|Any CPU.Build.0 = Debug|Any CPU
		{FABB1B77-1CE3-4FA2-8D28-7804D80D0F4A}.Release|Any CPU.ActiveCfg = Release|Any CPU
		{FABB1B77-1CE3-4FA2-8D28-7804D80D0F4A}.Release|Any CPU.Build.0 = Release|Any CPU
		{943D32E3-C52A-4902-A001-B22686971425}.Debug|Any CPU.ActiveCfg = Debug|Any CPU
		{943D32E3-C52A-4902-A001-B22686971425}.Debug|Any CPU.Build.0 = Debug|Any CPU
		{943D32E3-C52A-4902-A001-B22686971425}.Release|Any CPU.ActiveCfg = Release|Any CPU
		{943D32E3-C52A-4902-A001-B22686971425}.Release|Any CPU.Build.0 = Release|Any CPU
		{4FB9963B-8FF6-4FA6-BDAD-38ABBD9399FB}.Debug|Any CPU.ActiveCfg = Debug|Any CPU
		{4FB9963B-8FF6-4FA6-BDAD-38ABBD9399FB}.Debug|Any CPU.Build.0 = Debug|Any CPU
		{4FB9963B-8FF6-4FA6-BDAD-38ABBD9399FB}.Release|Any CPU.ActiveCfg = Release|Any CPU
		{4FB9963B-8FF6-4FA6-BDAD-38ABBD9399FB}.Release|Any CPU.Build.0 = Release|Any CPU
	EndGlobalSection
	GlobalSection(SolutionProperties) = preSolution
		HideSolutionNode = FALSE
	EndGlobalSection
	GlobalSection(NestedProjects) = preSolution
		{F6168370-89A8-4A7A-9903-E34318A4A925} = {0C57CD96-B8E6-4552-A83A-13A5FC5C5E4F}
		{7BB33359-8164-4C76-BFFA-949128D474BD} = {0C57CD96-B8E6-4552-A83A-13A5FC5C5E4F}
		{3CF7F42B-7034-445B-8D18-B908E7D0326E} = {0461D40F-A1EB-4959-9DF4-B33E7ABA6F46}
		{3F128D3D-ACF0-4110-8817-8148EFF7FE7F} = {0461D40F-A1EB-4959-9DF4-B33E7ABA6F46}
		{83395DAC-CAA0-49DF-A629-B2ADEB08DECA} = {216CD5A7-F6B7-4043-B108-4D3452B00EF2}
		{46BAE0F3-00DA-4790-AAF7-815BE4F330B0} = {216CD5A7-F6B7-4043-B108-4D3452B00EF2}
		{6CFD1EE4-20CD-4F6C-8319-C5B0B36302C1} = {D9A534D6-EDA9-4AA5-B11F-1E815A1C1C28}
		{FABB1B77-1CE3-4FA2-8D28-7804D80D0F4A} = {D9A534D6-EDA9-4AA5-B11F-1E815A1C1C28}
		{943D32E3-C52A-4902-A001-B22686971425} = {6B502F69-BC76-48FD-BDD3-6303B06B25C3}
		{4FB9963B-8FF6-4FA6-BDAD-38ABBD9399FB} = {6B502F69-BC76-48FD-BDD3-6303B06B25C3}
	EndGlobalSection
	GlobalSection(ExtensibilityGlobals) = postSolution
		SolutionGuid = {D2A532F2-4B0B-4639-8551-C84A559C7F28}
	EndGlobalSection
EndGlobal
